
Microsoft Visual Studio Solution File, Format Version 12.00
# Visual Studio Version 16
VisualStudioVersion = 16.0.30907.101
MinimumVisualStudioVersion = 10.0.40219.1
Project("{FAE04EC0-301F-11D3-BF4B-00C04F79EFBC}") = "ImagineBreaker", "ImagineBreaker.csproj", "{8FCE9CE2-93A2-491C-A60F-BB7BB2AD496C}"
EndProject
Global
	GlobalSection(SolutionConfigurationPlatforms) = preSolution
		Debug|Any CPU = Debug|Any CPU
		Release|Any CPU = Release|Any CPU
	EndGlobalSection
	GlobalSection(ProjectConfigurationPlatforms) = postSolution
		{8FCE9CE2-93A2-491C-A60F-BB7BB2AD496C}.Debug|Any CPU.ActiveCfg = Debug|Any CPU
		{8FCE9CE2-93A2-491C-A60F-BB7BB2AD496C}.Debug|Any CPU.Build.0 = Debug|Any CPU
		{8FCE9CE2-93A2-491C-A60F-BB7BB2AD496C}.Release|Any CPU.ActiveCfg = Release|Any CPU
		{8FCE9CE2-93A2-491C-A60F-BB7BB2AD496C}.Release|Any CPU.Build.0 = Release|Any CPU
	EndGlobalSection
	GlobalSection(SolutionProperties) = preSolution
		HideSolutionNode = FALSE
	EndGlobalSection
	GlobalSection(ExtensibilityGlobals) = postSolution
		SolutionGuid = {48102C44-19BC-4D29-A164-ADD5CEE5ECE1}
	EndGlobalSection
EndGlobal
